
Microsoft Visual Studio Solution File, Format Version 12.00
# Visual Studio Version 16
VisualStudioVersion = 16.0.30413.136
MinimumVisualStudioVersion = 15.0.26124.0
Project("{9A19103F-16F7-4668-BE54-9A1E7A4F7556}") = "Challenges", "Challenges\Challenges.csproj", "{40EAECBD-9A26-4628-ADB5-4D6B54B691A9}"
EndProject
Project("{FAE04EC0-301F-11D3-BF4B-00C04F79EFBC}") = "Challenges.Test", "Tests\Challenges.Test\Challenges.Test.csproj", "{CBF4906D-8295-49ED-8C56-8AED181218CF}"
EndProject
Project("{FAE04EC0-301F-11D3-BF4B-00C04F79EFBC}") = "DataStructures", "DataStructures\DataStructures.csproj", "{EBC41455-0BB1-4CF1-AE51-A8B52D1925C8}"
EndProject
Project("{FAE04EC0-301F-11D3-BF4B-00C04F79EFBC}") = "DataStructures.Tests", "DataStructures.Tests\DataStructures.Tests.csproj", "{15E7EBE0-703A-4664-94FC-CF3F243A3D1A}"
EndProject
Global
	GlobalSection(SolutionConfigurationPlatforms) = preSolution
		Debug|Any CPU = Debug|Any CPU
		Debug|x64 = Debug|x64
		Debug|x86 = Debug|x86
		Release|Any CPU = Release|Any CPU
		Release|x64 = Release|x64
		Release|x86 = Release|x86
	EndGlobalSection
	GlobalSection(ProjectConfigurationPlatforms) = postSolution
		{40EAECBD-9A26-4628-ADB5-4D6B54B691A9}.Debug|Any CPU.ActiveCfg = Debug|Any CPU
		{40EAECBD-9A26-4628-ADB5-4D6B54B691A9}.Debug|Any CPU.Build.0 = Debug|Any CPU
		{40EAECBD-9A26-4628-ADB5-4D6B54B691A9}.Debug|x64.ActiveCfg = Debug|Any CPU
		{40EAECBD-9A26-4628-ADB5-4D6B54B691A9}.Debug|x64.Build.0 = Debug|Any CPU
		{40EAECBD-9A26-4628-ADB5-4D6B54B691A9}.Debug|x86.ActiveCfg = Debug|Any CPU
		{40EAECBD-9A26-4628-ADB5-4D6B54B691A9}.Debug|x86.Build.0 = Debug|Any CPU
		{40EAECBD-9A26-4628-ADB5-4D6B54B691A9}.Release|Any CPU.ActiveCfg = Release|Any CPU
		{40EAECBD-9A26-4628-ADB5-4D6B54B691A9}.Release|Any CPU.Build.0 = Release|Any CPU
		{40EAECBD-9A26-4628-ADB5-4D6B54B691A9}.Release|x64.ActiveCfg = Release|Any CPU
		{40EAECBD-9A26-4628-ADB5-4D6B54B691A9}.Release|x64.Build.0 = Release|Any CPU
		{40EAECBD-9A26-4628-ADB5-4D6B54B691A9}.Release|x86.ActiveCfg = Release|Any CPU
		{40EAECBD-9A26-4628-ADB5-4D6B54B691A9}.Release|x86.Build.0 = Release|Any CPU
		{CBF4906D-8295-49ED-8C56-8AED181218CF}.Debug|Any CPU.ActiveCfg = Debug|Any CPU
		{CBF4906D-8295-49ED-8C56-8AED181218CF}.Debug|Any CPU.Build.0 = Debug|Any CPU
		{CBF4906D-8295-49ED-8C56-8AED181218CF}.Debug|x64.ActiveCfg = Debug|Any CPU
		{CBF4906D-8295-49ED-8C56-8AED181218CF}.Debug|x64.Build.0 = Debug|Any CPU
		{CBF4906D-8295-49ED-8C56-8AED181218CF}.Debug|x86.ActiveCfg = Debug|Any CPU
		{CBF4906D-8295-49ED-8C56-8AED181218CF}.Debug|x86.Build.0 = Debug|Any CPU
		{CBF4906D-8295-49ED-8C56-8AED181218CF}.Release|Any CPU.ActiveCfg = Release|Any CPU
		{CBF4906D-8295-49ED-8C56-8AED181218CF}.Release|Any CPU.Build.0 = Release|Any CPU
		{CBF4906D-8295-49ED-8C56-8AED181218CF}.Release|x64.ActiveCfg = Release|Any CPU
		{CBF4906D-8295-49ED-8C56-8AED181218CF}.Release|x64.Build.0 = Release|Any CPU
		{CBF4906D-8295-49ED-8C56-8AED181218CF}.Release|x86.ActiveCfg = Release|Any CPU
		{CBF4906D-8295-49ED-8C56-8AED181218CF}.Release|x86.Build.0 = Release|Any CPU
		{EBC41455-0BB1-4CF1-AE51-A8B52D1925C8}.Debug|Any CPU.ActiveCfg = Debug|Any CPU
		{EBC41455-0BB1-4CF1-AE51-A8B52D1925C8}.Debug|Any CPU.Build.0 = Debug|Any CPU
		{EBC41455-0BB1-4CF1-AE51-A8B52D1925C8}.Debug|x64.ActiveCfg = Debug|Any CPU
		{EBC41455-0BB1-4CF1-AE51-A8B52D1925C8}.Debug|x64.Build.0 = Debug|Any CPU
		{EBC41455-0BB1-4CF1-AE51-A8B52D1925C8}.Debug|x86.ActiveCfg = Debug|Any CPU
		{EBC41455-0BB1-4CF1-AE51-A8B52D1925C8}.Debug|x86.Build.0 = Debug|Any CPU
		{EBC41455-0BB1-4CF1-AE51-A8B52D1925C8}.Release|Any CPU.ActiveCfg = Release|Any CPU
		{EBC41455-0BB1-4CF1-AE51-A8B52D1925C8}.Release|Any CPU.Build.0 = Release|Any CPU
		{EBC41455-0BB1-4CF1-AE51-A8B52D1925C8}.Release|x64.ActiveCfg = Release|Any CPU
		{EBC41455-0BB1-4CF1-AE51-A8B52D1925C8}.Release|x64.Build.0 = Release|Any CPU
		{EBC41455-0BB1-4CF1-AE51-A8B52D1925C8}.Release|x86.ActiveCfg = Release|Any CPU
		{EBC41455-0BB1-4CF1-AE51-A8B52D1925C8}.Release|x86.Build.0 = Release|Any CPU
		{15E7EBE0-703A-4664-94FC-CF3F243A3D1A}.Debug|Any CPU.ActiveCfg = Debug|Any CPU
		{15E7EBE0-703A-4664-94FC-CF3F243A3D1A}.Debug|Any CPU.Build.0 = Debug|Any CPU
		{15E7EBE0-703A-4664-94FC-CF3F243A3D1A}.Debug|x64.ActiveCfg = Debug|Any CPU
		{15E7EBE0-703A-4664-94FC-CF3F243A3D1A}.Debug|x64.Build.0 = Debug|Any CPU
		{15E7EBE0-703A-4664-94FC-CF3F243A3D1A}.Debug|x86.ActiveCfg = Debug|Any CPU
		{15E7EBE0-703A-4664-94FC-CF3F243A3D1A}.Debug|x86.Build.0 = Debug|Any CPU
		{15E7EBE0-703A-4664-94FC-CF3F243A3D1A}.Release|Any CPU.ActiveCfg = Release|Any CPU
		{15E7EBE0-703A-4664-94FC-CF3F243A3D1A}.Release|Any CPU.Build.0 = Release|Any CPU
		{15E7EBE0-703A-4664-94FC-CF3F243A3D1A}.Release|x64.ActiveCfg = Release|Any CPU
		{15E7EBE0-703A-4664-94FC-CF3F243A3D1A}.Release|x64.Build.0 = Release|Any CPU
		{15E7EBE0-703A-4664-94FC-CF3F243A3D1A}.Release|x86.ActiveCfg = Release|Any CPU
		{15E7EBE0-703A-4664-94FC-CF3F243A3D1A}.Release|x86.Build.0 = Release|Any CPU
	EndGlobalSection
	GlobalSection(SolutionProperties) = preSolution
		HideSolutionNode = FALSE
	EndGlobalSection
	GlobalSection(ExtensibilityGlobals) = postSolution
		SolutionGuid = {23FD6A56-5075-4771-BA23-900A5A6A5301}
	EndGlobalSection
EndGlobal
